// !$*UTF8*$!
{
	archiveVersion = 1;
	classes = {
	};
	objectVersion = 51;
	objects = {

/* Begin PBXBuildFile section */
		5D979B1BACFB537FC5EF78A0 /* Pods_iCekici.framework in Frameworks */ = {isa = PBXBuildFile; fileRef = 26B7F63C846ACF280BE089B3 /* Pods_iCekici.framework */; };
		CD2D5F9425BA2C440011C5D3 /* AllMyTowsCell.swift in Sources */ = {isa = PBXBuildFile; fileRef = CD2D5F9325BA2C440011C5D3 /* AllMyTowsCell.swift */; };
		CD2D5F9725BA5F120011C5D3 /* ProfileViewController.swift in Sources */ = {isa = PBXBuildFile; fileRef = CD2D5F9625BA5F120011C5D3 /* ProfileViewController.swift */; };
		CD2D5F9A25BA5FF70011C5D3 /* ProfileCell.swift in Sources */ = {isa = PBXBuildFile; fileRef = CD2D5F9925BA5FF70011C5D3 /* ProfileCell.swift */; };
		CD2D5F9F25BA8B270011C5D3 /* AssignedDetailVC.swift in Sources */ = {isa = PBXBuildFile; fileRef = CD2D5F9E25BA8B270011C5D3 /* AssignedDetailVC.swift */; };
		CD2D5FAA25BAB1450011C5D3 /* AboutPageViewController.swift in Sources */ = {isa = PBXBuildFile; fileRef = CD2D5FA925BAB1450011C5D3 /* AboutPageViewController.swift */; };
		CD2F1F9225B425F1006AE1E8 /* MyTowsVC.swift in Sources */ = {isa = PBXBuildFile; fileRef = CD2F1F9125B425F1006AE1E8 /* MyTowsVC.swift */; };
		CD2F1F9825B4542B006AE1E8 /* MyWalletStatisticsVC.swift in Sources */ = {isa = PBXBuildFile; fileRef = CD2F1F9725B4542A006AE1E8 /* MyWalletStatisticsVC.swift */; };
		CD2F1F9F25B4734C006AE1E8 /* PurchasesCell.swift in Sources */ = {isa = PBXBuildFile; fileRef = CD2F1F9E25B4734C006AE1E8 /* PurchasesCell.swift */; };
		CD2F1FA225B48969006AE1E8 /* NotificationVC.swift in Sources */ = {isa = PBXBuildFile; fileRef = CD2F1FA125B48969006AE1E8 /* NotificationVC.swift */; };
		CD2F1FA525B489A1006AE1E8 /* NotificationCell.swift in Sources */ = {isa = PBXBuildFile; fileRef = CD2F1FA425B489A1006AE1E8 /* NotificationCell.swift */; };
		CD2F1FA825B4918D006AE1E8 /* AssignOrdersToTowCell.swift in Sources */ = {isa = PBXBuildFile; fileRef = CD2F1FA725B4918D006AE1E8 /* AssignOrdersToTowCell.swift */; };
		CD38F4EF25B0710600D5B1A2 /* AppDelegate.swift in Sources */ = {isa = PBXBuildFile; fileRef = CD38F4EE25B0710600D5B1A2 /* AppDelegate.swift */; };
		CD38F4F125B0710600D5B1A2 /* SceneDelegate.swift in Sources */ = {isa = PBXBuildFile; fileRef = CD38F4F025B0710600D5B1A2 /* SceneDelegate.swift */; };
		CD38F4F325B0710600D5B1A2 /* EditProfileVC.swift in Sources */ = {isa = PBXBuildFile; fileRef = CD38F4F225B0710600D5B1A2 /* EditProfileVC.swift */; };
		CD38F4F625B0710600D5B1A2 /* Main.storyboard in Resources */ = {isa = PBXBuildFile; fileRef = CD38F4F425B0710600D5B1A2 /* Main.storyboard */; };
		CD38F4F825B0710A00D5B1A2 /* Assets.xcassets in Resources */ = {isa = PBXBuildFile; fileRef = CD38F4F725B0710A00D5B1A2 /* Assets.xcassets */; };
		CD38F4FB25B0710A00D5B1A2 /* LaunchScreen.storyboard in Resources */ = {isa = PBXBuildFile; fileRef = CD38F4F925B0710A00D5B1A2 /* LaunchScreen.storyboard */; };
		CD42447C25BF6555000E8799 /* TowProfileVC.swift in Sources */ = {isa = PBXBuildFile; fileRef = CD42447B25BF6555000E8799 /* TowProfileVC.swift */; };
		CD42448425BF67B5000E8799 /* CreatingOrderSearchVC.swift in Sources */ = {isa = PBXBuildFile; fileRef = CD42448325BF67B5000E8799 /* CreatingOrderSearchVC.swift */; };
		CD42448725C00386000E8799 /* AnnouncementsVC.swift in Sources */ = {isa = PBXBuildFile; fileRef = CD42448625C00386000E8799 /* AnnouncementsVC.swift */; };
		CD42448B25C00472000E8799 /* AnnouncementsCell.swift in Sources */ = {isa = PBXBuildFile; fileRef = CD42448A25C00472000E8799 /* AnnouncementsCell.swift */; };
		CD42448E25C00E69000E8799 /* AnnouncementDetailVC.swift in Sources */ = {isa = PBXBuildFile; fileRef = CD42448D25C00E69000E8799 /* AnnouncementDetailVC.swift */; };
		CD4A25AF25B960B500657D89 /* PageViewController.swift in Sources */ = {isa = PBXBuildFile; fileRef = CD4A25AE25B960B500657D89 /* PageViewController.swift */; };
		CD51217425B6F894004DBFCE /* FilteringVC.swift in Sources */ = {isa = PBXBuildFile; fileRef = CD51217325B6F894004DBFCE /* FilteringVC.swift */; };
		CD51218B25B7A9DB004DBFCE /* MyAddressesVC.swift in Sources */ = {isa = PBXBuildFile; fileRef = CD51218A25B7A9DA004DBFCE /* MyAddressesVC.swift */; };
		CD51218E25B7B842004DBFCE /* AssignedTowsVC.swift in Sources */ = {isa = PBXBuildFile; fileRef = CD51218D25B7B842004DBFCE /* AssignedTowsVC.swift */; };
		CD51219125B7BA32004DBFCE /* AssignedTowCell.swift in Sources */ = {isa = PBXBuildFile; fileRef = CD51219025B7BA32004DBFCE /* AssignedTowCell.swift */; };
		CD51219725B7C0E3004DBFCE /* SetLocationDestinationVC.swift in Sources */ = {isa = PBXBuildFile; fileRef = CD51219625B7C0E3004DBFCE /* SetLocationDestinationVC.swift */; };
		CD5121A925B7DACE004DBFCE /* CenturyGothicRegular.ttf in Resources */ = {isa = PBXBuildFile; fileRef = CD5121A825B7DACE004DBFCE /* CenturyGothicRegular.ttf */; };
		CD5121AD25B7DB7A004DBFCE /* CenturyGothicBold.ttf in Resources */ = {isa = PBXBuildFile; fileRef = CD5121AC25B7DB7A004DBFCE /* CenturyGothicBold.ttf */; };
		CD5121BA25B814CB004DBFCE /* UserProfileVC.swift in Sources */ = {isa = PBXBuildFile; fileRef = CD5121B925B814CB004DBFCE /* UserProfileVC.swift */; };
		CD5121BD25B8154A004DBFCE /* UserProfileCell.swift in Sources */ = {isa = PBXBuildFile; fileRef = CD5121BC25B8154A004DBFCE /* UserProfileCell.swift */; };
		CD55100D25B6CE34006D1C14 /* PreviousOrdersVC.swift in Sources */ = {isa = PBXBuildFile; fileRef = CD55100C25B6CE34006D1C14 /* PreviousOrdersVC.swift */; };
		CD55101025B6D048006D1C14 /* PreviousOrdersCell.swift in Sources */ = {isa = PBXBuildFile; fileRef = CD55100F25B6D048006D1C14 /* PreviousOrdersCell.swift */; };
		CD799A1C25B55CFD008F1871 /* MyProfileEditVC.swift in Sources */ = {isa = PBXBuildFile; fileRef = CD799A1B25B55CFD008F1871 /* MyProfileEditVC.swift */; };
		CD799A1F25B55E7C008F1871 /* MenuVC.swift in Sources */ = {isa = PBXBuildFile; fileRef = CD799A1E25B55E7C008F1871 /* MenuVC.swift */; };
		CD905A1825B07434004827A1 /* ProfileDetailCell.swift in Sources */ = {isa = PBXBuildFile; fileRef = CD905A1725B07434004827A1 /* ProfileDetailCell.swift */; };
		CDA5330225BEA9160039C29A /* AddMultiplePhotoVC.swift in Sources */ = {isa = PBXBuildFile; fileRef = CDA5330125BEA9160039C29A /* AddMultiplePhotoVC.swift */; };
		CDA5330525BEC9400039C29A /* CategoriesCell.swift in Sources */ = {isa = PBXBuildFile; fileRef = CDA5330425BEC9400039C29A /* CategoriesCell.swift */; };
		CDA5539825B57AFD00AAEAD7 /* AddTowVC.swift in Sources */ = {isa = PBXBuildFile; fileRef = CDA5539725B57AFD00AAEAD7 /* AddTowVC.swift */; };
		CDA5539B25B592CE00AAEAD7 /* SearchTowVC.swift in Sources */ = {isa = PBXBuildFile; fileRef = CDA5539A25B592CE00AAEAD7 /* SearchTowVC.swift */; };
		CDA5539E25B5944100AAEAD7 /* SearchTowCell.swift in Sources */ = {isa = PBXBuildFile; fileRef = CDA5539D25B5944100AAEAD7 /* SearchTowCell.swift */; };
		CDA5D43725B08803002C5060 /* UIButton+Ext.swift in Sources */ = {isa = PBXBuildFile; fileRef = CDA5D42E25B08802002C5060 /* UIButton+Ext.swift */; };
		CDA5D43825B08803002C5060 /* UITableView+Ext.swift in Sources */ = {isa = PBXBuildFile; fileRef = CDA5D42F25B08802002C5060 /* UITableView+Ext.swift */; };
		CDA5D43925B08803002C5060 /* UIColor+Ext.swift in Sources */ = {isa = PBXBuildFile; fileRef = CDA5D43025B08802002C5060 /* UIColor+Ext.swift */; };
		CDA5D43A25B08803002C5060 /* Date+Ext.swift in Sources */ = {isa = PBXBuildFile; fileRef = CDA5D43125B08802002C5060 /* Date+Ext.swift */; };
		CDA5D43B25B08803002C5060 /* TextField+Ext.swift in Sources */ = {isa = PBXBuildFile; fileRef = CDA5D43225B08802002C5060 /* TextField+Ext.swift */; };
		CDA5D43C25B08803002C5060 /* UIView+Ext.swift in Sources */ = {isa = PBXBuildFile; fileRef = CDA5D43325B08802002C5060 /* UIView+Ext.swift */; };
		CDA5D43D25B08803002C5060 /* UIViewController+Ext.swift in Sources */ = {isa = PBXBuildFile; fileRef = CDA5D43425B08802002C5060 /* UIViewController+Ext.swift */; };
		CDA5D43E25B08803002C5060 /* String+Ext.swift in Sources */ = {isa = PBXBuildFile; fileRef = CDA5D43525B08803002C5060 /* String+Ext.swift */; };
		CDA5D43F25B08803002C5060 /* UICollectionView+Ext.swift in Sources */ = {isa = PBXBuildFile; fileRef = CDA5D43625B08803002C5060 /* UICollectionView+Ext.swift */; };
		CDA5D44825B08DF0002C5060 /* LoginVC.swift in Sources */ = {isa = PBXBuildFile; fileRef = CDA5D44725B08DF0002C5060 /* LoginVC.swift */; };
		CDA5D45A25B0B6E3002C5060 /* SignUpVC.swift in Sources */ = {isa = PBXBuildFile; fileRef = CDA5D45925B0B6E3002C5060 /* SignUpVC.swift */; };
		CDBC80C225BC662C00A2E37F /* CampaignListingVC.swift in Sources */ = {isa = PBXBuildFile; fileRef = CDBC80C125BC662C00A2E37F /* CampaignListingVC.swift */; };
		CDBC80C525BC668000A2E37F /* CampaignsCell.swift in Sources */ = {isa = PBXBuildFile; fileRef = CDBC80C425BC668000A2E37F /* CampaignsCell.swift */; };
		CDBC80D025BDB15F00A2E37F /* OrderCell.swift in Sources */ = {isa = PBXBuildFile; fileRef = CDBC80CF25BDB15F00A2E37F /* OrderCell.swift */; };
		CDBC80D525BDC4F000A2E37F /* MyAddressedCell.swift in Sources */ = {isa = PBXBuildFile; fileRef = CDBC80D425BDC4F000A2E37F /* MyAddressedCell.swift */; };
		CDBC80D825BDCC1E00A2E37F /* ChooseFromMapVC.swift in Sources */ = {isa = PBXBuildFile; fileRef = CDBC80D725BDCC1D00A2E37F /* ChooseFromMapVC.swift */; };
		CDBC80DE25BDDBED00A2E37F /* PreviousOrderDetailVC.swift in Sources */ = {isa = PBXBuildFile; fileRef = CDBC80DD25BDDBEC00A2E37F /* PreviousOrderDetailVC.swift */; };
		CDC0721A25B82FAE008EC414 /* GOTHIC.TTF in Resources */ = {isa = PBXBuildFile; fileRef = CDC0721925B82FAD008EC414 /* GOTHIC.TTF */; };
		CDD635F425C040BA0057F44D /* AssignOrderPopupVC.xib in Resources */ = {isa = PBXBuildFile; fileRef = CDD635F225C040BA0057F44D /* AssignOrderPopupVC.xib */; };
		CDD635F525C040BA0057F44D /* AssignOrderPopupVC.swift in Sources */ = {isa = PBXBuildFile; fileRef = CDD635F325C040BA0057F44D /* AssignOrderPopupVC.swift */; };
		CDDC298B25BE1561006C8FF1 /* MainPageVC.swift in Sources */ = {isa = PBXBuildFile; fileRef = CDDC298A25BE1560006C8FF1 /* MainPageVC.swift */; };
		CDEC1BD225B2BF45000EEF88 /* CreatingOrderVC.swift in Sources */ = {isa = PBXBuildFile; fileRef = CDEC1BD125B2BF45000EEF88 /* CreatingOrderVC.swift */; };
		CDEFFDB225B16DAB0045C3D7 /* ForgotPasswordVC.swift in Sources */ = {isa = PBXBuildFile; fileRef = CDEFFDB125B16DAB0045C3D7 /* ForgotPasswordVC.swift */; };
		CDEFFDB725B176C60045C3D7 /* HomePageVC.swift in Sources */ = {isa = PBXBuildFile; fileRef = CDEFFDB625B176C60045C3D7 /* HomePageVC.swift */; };
		CDEFFDBB25B17E1D0045C3D7 /* TowCarMenuCell.swift in Sources */ = {isa = PBXBuildFile; fileRef = CDEFFDBA25B17E1D0045C3D7 /* TowCarMenuCell.swift */; };
		CDEFFDC025B1972E0045C3D7 /* IncomingOrderVC.swift in Sources */ = {isa = PBXBuildFile; fileRef = CDEFFDBF25B1972E0045C3D7 /* IncomingOrderVC.swift */; };
		CDEFFDC325B198670045C3D7 /* TowListingCell.swift in Sources */ = {isa = PBXBuildFile; fileRef = CDEFFDC225B198670045C3D7 /* TowListingCell.swift */; };
		CDF5403325BAE52D00C8E440 /* CampaignsVC.swift in Sources */ = {isa = PBXBuildFile; fileRef = CDF5403225BAE52C00C8E440 /* CampaignsVC.swift */; };
		CDF5403625BAE78000C8E440 /* DetailPageVC.swift in Sources */ = {isa = PBXBuildFile; fileRef = CDF5403525BAE78000C8E440 /* DetailPageVC.swift */; };
		CDF5403925BAEF7200C8E440 /* BrandsCell.swift in Sources */ = {isa = PBXBuildFile; fileRef = CDF5403825BAEF7200C8E440 /* BrandsCell.swift */; };
		CDF5404025BAEFFF00C8E440 /* BrandsVC.swift in Sources */ = {isa = PBXBuildFile; fileRef = CDF5403F25BAEFFF00C8E440 /* BrandsVC.swift */; };
		CDF5404325BAF6B200C8E440 /* InviteFriendsVC.swift in Sources */ = {isa = PBXBuildFile; fileRef = CDF5404225BAF6B200C8E440 /* InviteFriendsVC.swift */; };
		CDFBB13925B39E6D0015D553 /* CanceledTowListingCell.swift in Sources */ = {isa = PBXBuildFile; fileRef = CDFBB13825B39E6D0015D553 /* CanceledTowListingCell.swift */; };
		CDFBB13C25B4177B0015D553 /* CanceledOrderListVC.swift in Sources */ = {isa = PBXBuildFile; fileRef = CDFBB13B25B4177B0015D553 /* CanceledOrderListVC.swift */; };
/* End PBXBuildFile section */

/* Begin PBXFileReference section */
		26B7F63C846ACF280BE089B3 /* Pods_iCekici.framework */ = {isa = PBXFileReference; explicitFileType = wrapper.framework; includeInIndex = 0; path = Pods_iCekici.framework; sourceTree = BUILT_PRODUCTS_DIR; };
		CB9C95B64E501A7739872B95 /* Pods-iCekici.release.xcconfig */ = {isa = PBXFileReference; includeInIndex = 1; lastKnownFileType = text.xcconfig; name = "Pods-iCekici.release.xcconfig"; path = "Target Support Files/Pods-iCekici/Pods-iCekici.release.xcconfig"; sourceTree = "<group>"; };
		CD2D5F9325BA2C440011C5D3 /* AllMyTowsCell.swift */ = {isa = PBXFileReference; lastKnownFileType = sourcecode.swift; path = AllMyTowsCell.swift; sourceTree = "<group>"; };
		CD2D5F9625BA5F120011C5D3 /* ProfileViewController.swift */ = {isa = PBXFileReference; lastKnownFileType = sourcecode.swift; path = ProfileViewController.swift; sourceTree = "<group>"; };
		CD2D5F9925BA5FF70011C5D3 /* ProfileCell.swift */ = {isa = PBXFileReference; lastKnownFileType = sourcecode.swift; path = ProfileCell.swift; sourceTree = "<group>"; };
		CD2D5F9E25BA8B270011C5D3 /* AssignedDetailVC.swift */ = {isa = PBXFileReference; lastKnownFileType = sourcecode.swift; path = AssignedDetailVC.swift; sourceTree = "<group>"; };
		CD2D5FA925BAB1450011C5D3 /* AboutPageViewController.swift */ = {isa = PBXFileReference; lastKnownFileType = sourcecode.swift; path = AboutPageViewController.swift; sourceTree = "<group>"; };
		CD2F1F9125B425F1006AE1E8 /* MyTowsVC.swift */ = {isa = PBXFileReference; lastKnownFileType = sourcecode.swift; path = MyTowsVC.swift; sourceTree = "<group>"; };
		CD2F1F9725B4542A006AE1E8 /* MyWalletStatisticsVC.swift */ = {isa = PBXFileReference; lastKnownFileType = sourcecode.swift; path = MyWalletStatisticsVC.swift; sourceTree = "<group>"; };
		CD2F1F9E25B4734C006AE1E8 /* PurchasesCell.swift */ = {isa = PBXFileReference; lastKnownFileType = sourcecode.swift; path = PurchasesCell.swift; sourceTree = "<group>"; };
		CD2F1FA125B48969006AE1E8 /* NotificationVC.swift */ = {isa = PBXFileReference; lastKnownFileType = sourcecode.swift; path = NotificationVC.swift; sourceTree = "<group>"; };
		CD2F1FA425B489A1006AE1E8 /* NotificationCell.swift */ = {isa = PBXFileReference; lastKnownFileType = sourcecode.swift; path = NotificationCell.swift; sourceTree = "<group>"; };
		CD2F1FA725B4918D006AE1E8 /* AssignOrdersToTowCell.swift */ = {isa = PBXFileReference; lastKnownFileType = sourcecode.swift; path = AssignOrdersToTowCell.swift; sourceTree = "<group>"; };
		CD38F4EB25B0710600D5B1A2 /* iCekici.app */ = {isa = PBXFileReference; explicitFileType = wrapper.application; includeInIndex = 0; path = iCekici.app; sourceTree = BUILT_PRODUCTS_DIR; };
		CD38F4EE25B0710600D5B1A2 /* AppDelegate.swift */ = {isa = PBXFileReference; lastKnownFileType = sourcecode.swift; path = AppDelegate.swift; sourceTree = "<group>"; };
		CD38F4F025B0710600D5B1A2 /* SceneDelegate.swift */ = {isa = PBXFileReference; lastKnownFileType = sourcecode.swift; path = SceneDelegate.swift; sourceTree = "<group>"; };
		CD38F4F225B0710600D5B1A2 /* EditProfileVC.swift */ = {isa = PBXFileReference; lastKnownFileType = sourcecode.swift; path = EditProfileVC.swift; sourceTree = "<group>"; };
		CD38F4F525B0710600D5B1A2 /* Base */ = {isa = PBXFileReference; lastKnownFileType = file.storyboard; name = Base; path = Base.lproj/Main.storyboard; sourceTree = "<group>"; };
		CD38F4F725B0710A00D5B1A2 /* Assets.xcassets */ = {isa = PBXFileReference; lastKnownFileType = folder.assetcatalog; path = Assets.xcassets; sourceTree = "<group>"; };
		CD38F4FA25B0710A00D5B1A2 /* Base */ = {isa = PBXFileReference; lastKnownFileType = file.storyboard; name = Base; path = Base.lproj/LaunchScreen.storyboard; sourceTree = "<group>"; };
		CD38F4FC25B0710A00D5B1A2 /* Info.plist */ = {isa = PBXFileReference; lastKnownFileType = text.plist.xml; path = Info.plist; sourceTree = "<group>"; };
		CD42447B25BF6555000E8799 /* TowProfileVC.swift */ = {isa = PBXFileReference; lastKnownFileType = sourcecode.swift; path = TowProfileVC.swift; sourceTree = "<group>"; };
		CD42448325BF67B5000E8799 /* CreatingOrderSearchVC.swift */ = {isa = PBXFileReference; fileEncoding = 4; lastKnownFileType = sourcecode.swift; path = CreatingOrderSearchVC.swift; sourceTree = "<group>"; };
		CD42448625C00386000E8799 /* AnnouncementsVC.swift */ = {isa = PBXFileReference; lastKnownFileType = sourcecode.swift; path = AnnouncementsVC.swift; sourceTree = "<group>"; };
		CD42448A25C00472000E8799 /* AnnouncementsCell.swift */ = {isa = PBXFileReference; lastKnownFileType = sourcecode.swift; path = AnnouncementsCell.swift; sourceTree = "<group>"; };
		CD42448D25C00E69000E8799 /* AnnouncementDetailVC.swift */ = {isa = PBXFileReference; lastKnownFileType = sourcecode.swift; path = AnnouncementDetailVC.swift; sourceTree = "<group>"; };
		CD4A25AE25B960B500657D89 /* PageViewController.swift */ = {isa = PBXFileReference; lastKnownFileType = sourcecode.swift; path = PageViewController.swift; sourceTree = "<group>"; };
		CD51217325B6F894004DBFCE /* FilteringVC.swift */ = {isa = PBXFileReference; lastKnownFileType = sourcecode.swift; path = FilteringVC.swift; sourceTree = "<group>"; };
		CD51218A25B7A9DA004DBFCE /* MyAddressesVC.swift */ = {isa = PBXFileReference; lastKnownFileType = sourcecode.swift; path = MyAddressesVC.swift; sourceTree = "<group>"; };
		CD51218D25B7B842004DBFCE /* AssignedTowsVC.swift */ = {isa = PBXFileReference; lastKnownFileType = sourcecode.swift; path = AssignedTowsVC.swift; sourceTree = "<group>"; };
		CD51219025B7BA32004DBFCE /* AssignedTowCell.swift */ = {isa = PBXFileReference; lastKnownFileType = sourcecode.swift; path = AssignedTowCell.swift; sourceTree = "<group>"; };
		CD51219625B7C0E3004DBFCE /* SetLocationDestinationVC.swift */ = {isa = PBXFileReference; lastKnownFileType = sourcecode.swift; path = SetLocationDestinationVC.swift; sourceTree = "<group>"; };
		CD5121A825B7DACE004DBFCE /* CenturyGothicRegular.ttf */ = {isa = PBXFileReference; lastKnownFileType = file; path = CenturyGothicRegular.ttf; sourceTree = "<group>"; };
		CD5121AC25B7DB7A004DBFCE /* CenturyGothicBold.ttf */ = {isa = PBXFileReference; lastKnownFileType = file; path = CenturyGothicBold.ttf; sourceTree = "<group>"; };
		CD5121B925B814CB004DBFCE /* UserProfileVC.swift */ = {isa = PBXFileReference; lastKnownFileType = sourcecode.swift; path = UserProfileVC.swift; sourceTree = "<group>"; };
		CD5121BC25B8154A004DBFCE /* UserProfileCell.swift */ = {isa = PBXFileReference; lastKnownFileType = sourcecode.swift; path = UserProfileCell.swift; sourceTree = "<group>"; };
		CD55100C25B6CE34006D1C14 /* PreviousOrdersVC.swift */ = {isa = PBXFileReference; lastKnownFileType = sourcecode.swift; path = PreviousOrdersVC.swift; sourceTree = "<group>"; };
		CD55100F25B6D048006D1C14 /* PreviousOrdersCell.swift */ = {isa = PBXFileReference; lastKnownFileType = sourcecode.swift; path = PreviousOrdersCell.swift; sourceTree = "<group>"; };
		CD799A1B25B55CFD008F1871 /* MyProfileEditVC.swift */ = {isa = PBXFileReference; lastKnownFileType = sourcecode.swift; path = MyProfileEditVC.swift; sourceTree = "<group>"; };
		CD799A1E25B55E7C008F1871 /* MenuVC.swift */ = {isa = PBXFileReference; lastKnownFileType = sourcecode.swift; path = MenuVC.swift; sourceTree = "<group>"; };
		CD905A1725B07434004827A1 /* ProfileDetailCell.swift */ = {isa = PBXFileReference; lastKnownFileType = sourcecode.swift; path = ProfileDetailCell.swift; sourceTree = "<group>"; };
		CDA5330125BEA9160039C29A /* AddMultiplePhotoVC.swift */ = {isa = PBXFileReference; lastKnownFileType = sourcecode.swift; path = AddMultiplePhotoVC.swift; sourceTree = "<group>"; };
		CDA5330425BEC9400039C29A /* CategoriesCell.swift */ = {isa = PBXFileReference; lastKnownFileType = sourcecode.swift; path = CategoriesCell.swift; sourceTree = "<group>"; };
		CDA5539725B57AFD00AAEAD7 /* AddTowVC.swift */ = {isa = PBXFileReference; lastKnownFileType = sourcecode.swift; path = AddTowVC.swift; sourceTree = "<group>"; };
		CDA5539A25B592CE00AAEAD7 /* SearchTowVC.swift */ = {isa = PBXFileReference; lastKnownFileType = sourcecode.swift; path = SearchTowVC.swift; sourceTree = "<group>"; };
		CDA5539D25B5944100AAEAD7 /* SearchTowCell.swift */ = {isa = PBXFileReference; lastKnownFileType = sourcecode.swift; path = SearchTowCell.swift; sourceTree = "<group>"; };
		CDA5D42E25B08802002C5060 /* UIButton+Ext.swift */ = {isa = PBXFileReference; fileEncoding = 4; lastKnownFileType = sourcecode.swift; path = "UIButton+Ext.swift"; sourceTree = "<group>"; };
		CDA5D42F25B08802002C5060 /* UITableView+Ext.swift */ = {isa = PBXFileReference; fileEncoding = 4; lastKnownFileType = sourcecode.swift; path = "UITableView+Ext.swift"; sourceTree = "<group>"; };
		CDA5D43025B08802002C5060 /* UIColor+Ext.swift */ = {isa = PBXFileReference; fileEncoding = 4; lastKnownFileType = sourcecode.swift; path = "UIColor+Ext.swift"; sourceTree = "<group>"; };
		CDA5D43125B08802002C5060 /* Date+Ext.swift */ = {isa = PBXFileReference; fileEncoding = 4; lastKnownFileType = sourcecode.swift; path = "Date+Ext.swift"; sourceTree = "<group>"; };
		CDA5D43225B08802002C5060 /* TextField+Ext.swift */ = {isa = PBXFileReference; fileEncoding = 4; lastKnownFileType = sourcecode.swift; path = "TextField+Ext.swift"; sourceTree = "<group>"; };
		CDA5D43325B08802002C5060 /* UIView+Ext.swift */ = {isa = PBXFileReference; fileEncoding = 4; lastKnownFileType = sourcecode.swift; path = "UIView+Ext.swift"; sourceTree = "<group>"; };
		CDA5D43425B08802002C5060 /* UIViewController+Ext.swift */ = {isa = PBXFileReference; fileEncoding = 4; lastKnownFileType = sourcecode.swift; path = "UIViewController+Ext.swift"; sourceTree = "<group>"; };
		CDA5D43525B08803002C5060 /* String+Ext.swift */ = {isa = PBXFileReference; fileEncoding = 4; lastKnownFileType = sourcecode.swift; path = "String+Ext.swift"; sourceTree = "<group>"; };
		CDA5D43625B08803002C5060 /* UICollectionView+Ext.swift */ = {isa = PBXFileReference; fileEncoding = 4; lastKnownFileType = sourcecode.swift; path = "UICollectionView+Ext.swift"; sourceTree = "<group>"; };
		CDA5D44725B08DF0002C5060 /* LoginVC.swift */ = {isa = PBXFileReference; lastKnownFileType = sourcecode.swift; path = LoginVC.swift; sourceTree = "<group>"; };
		CDA5D45925B0B6E3002C5060 /* SignUpVC.swift */ = {isa = PBXFileReference; lastKnownFileType = sourcecode.swift; path = SignUpVC.swift; sourceTree = "<group>"; };
		CDBC80C125BC662C00A2E37F /* CampaignListingVC.swift */ = {isa = PBXFileReference; lastKnownFileType = sourcecode.swift; path = CampaignListingVC.swift; sourceTree = "<group>"; };
		CDBC80C425BC668000A2E37F /* CampaignsCell.swift */ = {isa = PBXFileReference; lastKnownFileType = sourcecode.swift; path = CampaignsCell.swift; sourceTree = "<group>"; };
		CDBC80CF25BDB15F00A2E37F /* OrderCell.swift */ = {isa = PBXFileReference; lastKnownFileType = sourcecode.swift; path = OrderCell.swift; sourceTree = "<group>"; };
		CDBC80D425BDC4F000A2E37F /* MyAddressedCell.swift */ = {isa = PBXFileReference; lastKnownFileType = sourcecode.swift; path = MyAddressedCell.swift; sourceTree = "<group>"; };
		CDBC80D725BDCC1D00A2E37F /* ChooseFromMapVC.swift */ = {isa = PBXFileReference; lastKnownFileType = sourcecode.swift; path = ChooseFromMapVC.swift; sourceTree = "<group>"; };
		CDBC80DD25BDDBEC00A2E37F /* PreviousOrderDetailVC.swift */ = {isa = PBXFileReference; lastKnownFileType = sourcecode.swift; path = PreviousOrderDetailVC.swift; sourceTree = "<group>"; };
		CDC0721925B82FAD008EC414 /* GOTHIC.TTF */ = {isa = PBXFileReference; lastKnownFileType = file; path = GOTHIC.TTF; sourceTree = "<group>"; };
		CDD635F225C040BA0057F44D /* AssignOrderPopupVC.xib */ = {isa = PBXFileReference; lastKnownFileType = file.xib; path = AssignOrderPopupVC.xib; sourceTree = "<group>"; };
		CDD635F325C040BA0057F44D /* AssignOrderPopupVC.swift */ = {isa = PBXFileReference; lastKnownFileType = sourcecode.swift; path = AssignOrderPopupVC.swift; sourceTree = "<group>"; };
		CDDC298A25BE1560006C8FF1 /* MainPageVC.swift */ = {isa = PBXFileReference; lastKnownFileType = sourcecode.swift; path = MainPageVC.swift; sourceTree = "<group>"; };
		CDEC1BD125B2BF45000EEF88 /* CreatingOrderVC.swift */ = {isa = PBXFileReference; lastKnownFileType = sourcecode.swift; path = CreatingOrderVC.swift; sourceTree = "<group>"; };
		CDEFFDB125B16DAB0045C3D7 /* ForgotPasswordVC.swift */ = {isa = PBXFileReference; lastKnownFileType = sourcecode.swift; path = ForgotPasswordVC.swift; sourceTree = "<group>"; };
		CDEFFDB625B176C60045C3D7 /* HomePageVC.swift */ = {isa = PBXFileReference; lastKnownFileType = sourcecode.swift; path = HomePageVC.swift; sourceTree = "<group>"; };
		CDEFFDBA25B17E1D0045C3D7 /* TowCarMenuCell.swift */ = {isa = PBXFileReference; lastKnownFileType = sourcecode.swift; path = TowCarMenuCell.swift; sourceTree = "<group>"; };
		CDEFFDBF25B1972E0045C3D7 /* IncomingOrderVC.swift */ = {isa = PBXFileReference; lastKnownFileType = sourcecode.swift; path = IncomingOrderVC.swift; sourceTree = "<group>"; };
		CDEFFDC225B198670045C3D7 /* TowListingCell.swift */ = {isa = PBXFileReference; lastKnownFileType = sourcecode.swift; path = TowListingCell.swift; sourceTree = "<group>"; };
		CDF5403225BAE52C00C8E440 /* CampaignsVC.swift */ = {isa = PBXFileReference; lastKnownFileType = sourcecode.swift; path = CampaignsVC.swift; sourceTree = "<group>"; };
		CDF5403525BAE78000C8E440 /* DetailPageVC.swift */ = {isa = PBXFileReference; lastKnownFileType = sourcecode.swift; path = DetailPageVC.swift; sourceTree = "<group>"; };
		CDF5403825BAEF7200C8E440 /* BrandsCell.swift */ = {isa = PBXFileReference; lastKnownFileType = sourcecode.swift; path = BrandsCell.swift; sourceTree = "<group>"; };
		CDF5403F25BAEFFF00C8E440 /* BrandsVC.swift */ = {isa = PBXFileReference; lastKnownFileType = sourcecode.swift; path = BrandsVC.swift; sourceTree = "<group>"; };
		CDF5404225BAF6B200C8E440 /* InviteFriendsVC.swift */ = {isa = PBXFileReference; lastKnownFileType = sourcecode.swift; path = InviteFriendsVC.swift; sourceTree = "<group>"; };
		CDFBB13825B39E6D0015D553 /* CanceledTowListingCell.swift */ = {isa = PBXFileReference; lastKnownFileType = sourcecode.swift; path = CanceledTowListingCell.swift; sourceTree = "<group>"; };
		CDFBB13B25B4177B0015D553 /* CanceledOrderListVC.swift */ = {isa = PBXFileReference; lastKnownFileType = sourcecode.swift; path = CanceledOrderListVC.swift; sourceTree = "<group>"; };
		E0AE1E6FF195937137C4C3AD /* Pods-iCekici.debug.xcconfig */ = {isa = PBXFileReference; includeInIndex = 1; lastKnownFileType = text.xcconfig; name = "Pods-iCekici.debug.xcconfig"; path = "Target Support Files/Pods-iCekici/Pods-iCekici.debug.xcconfig"; sourceTree = "<group>"; };
/* End PBXFileReference section */

/* Begin PBXFrameworksBuildPhase section */
		CD38F4E825B0710600D5B1A2 /* Frameworks */ = {
			isa = PBXFrameworksBuildPhase;
			buildActionMask = 2147483647;
			files = (
				5D979B1BACFB537FC5EF78A0 /* Pods_iCekici.framework in Frameworks */,
			);
			runOnlyForDeploymentPostprocessing = 0;
		};
/* End PBXFrameworksBuildPhase section */

/* Begin PBXGroup section */
		5DE61D27CAEF37E7292AE466 /* Frameworks */ = {
			isa = PBXGroup;
			children = (
				26B7F63C846ACF280BE089B3 /* Pods_iCekici.framework */,
			);
			name = Frameworks;
			sourceTree = "<group>";
		};
		9EB93DEFC6B0F273933FCD0F /* Pods */ = {
			isa = PBXGroup;
			children = (
				E0AE1E6FF195937137C4C3AD /* Pods-iCekici.debug.xcconfig */,
				CB9C95B64E501A7739872B95 /* Pods-iCekici.release.xcconfig */,
			);
			path = Pods;
			sourceTree = "<group>";
		};
		CD38F4E225B0710600D5B1A2 = {
			isa = PBXGroup;
			children = (
				CD38F4ED25B0710600D5B1A2 /* iCekici */,
				CD38F4EC25B0710600D5B1A2 /* Products */,
				9EB93DEFC6B0F273933FCD0F /* Pods */,
				5DE61D27CAEF37E7292AE466 /* Frameworks */,
			);
			sourceTree = "<group>";
		};
		CD38F4EC25B0710600D5B1A2 /* Products */ = {
			isa = PBXGroup;
			children = (
				CD38F4EB25B0710600D5B1A2 /* iCekici.app */,
			);
			name = Products;
			sourceTree = "<group>";
		};
		CD38F4ED25B0710600D5B1A2 /* iCekici */ = {
			isa = PBXGroup;
			children = (
				CD38F4EE25B0710600D5B1A2 /* AppDelegate.swift */,
				CD38F4F025B0710600D5B1A2 /* SceneDelegate.swift */,
				CDA5D44525B08CDE002C5060 /* Fonts */,
				CD905A1F25B08283004827A1 /* Extensions */,
				CDA5D42B25B0865B002C5060 /* Provider */,
				CDA5D42725B0863C002C5060 /* Model */,
				CD905A1425B073D1004827A1 /* View */,
				CDA5D42A25B08654002C5060 /* Controller */,
				CD4A25AE25B960B500657D89 /* PageViewController.swift */,
				CD38F4F425B0710600D5B1A2 /* Main.storyboard */,
				CD38F4F925B0710A00D5B1A2 /* LaunchScreen.storyboard */,
				CD38F4F725B0710A00D5B1A2 /* Assets.xcassets */,
				CD38F4FC25B0710A00D5B1A2 /* Info.plist */,
			);
			path = iCekici;
			sourceTree = "<group>";
		};
		CD42449025C030E5000E8799 /* Profile */ = {
			isa = PBXGroup;
			children = (
				CD2D5F9625BA5F120011C5D3 /* ProfileViewController.swift */,
				CD799A1B25B55CFD008F1871 /* MyProfileEditVC.swift */,
				CD2F1F9725B4542A006AE1E8 /* MyWalletStatisticsVC.swift */,
				CDF5404225BAF6B200C8E440 /* InviteFriendsVC.swift */,
				CD2D5FA925BAB1450011C5D3 /* AboutPageViewController.swift */,
			);
			path = Profile;
			sourceTree = "<group>";
		};
		CD55101325B6DCE4006D1C14 /* Tabbar */ = {
			isa = PBXGroup;
			children = (
				CDD635EB25C039D30057F44D /* Home */,
				CD42449025C030E5000E8799 /* Profile */,
				CDA5539A25B592CE00AAEAD7 /* SearchTowVC.swift */,
				CD2F1FA125B48969006AE1E8 /* NotificationVC.swift */,
			);
			path = Tabbar;
			sourceTree = "<group>";
		};
		CD8F88DE25BA1269008CBED4 /* Menu */ = {
			isa = PBXGroup;
			children = (
				CD799A1E25B55E7C008F1871 /* MenuVC.swift */,
				CDBC80C125BC662C00A2E37F /* CampaignListingVC.swift */,
				CD42448625C00386000E8799 /* AnnouncementsVC.swift */,
				CD42448D25C00E69000E8799 /* AnnouncementDetailVC.swift */,
			);
			path = Menu;
			sourceTree = "<group>";
		};
		CD905A1425B073D1004827A1 /* View */ = {
			isa = PBXGroup;
			children = (
				CDEFFDB925B17DA00045C3D7 /* CollectionView Cells */,
				CD905A1625B07405004827A1 /* TableView Cells */,
			);
			path = View;
			sourceTree = "<group>";
		};
		CD905A1625B07405004827A1 /* TableView Cells */ = {
			isa = PBXGroup;
			children = (
				CD905A1725B07434004827A1 /* ProfileDetailCell.swift */,
				CDEFFDC225B198670045C3D7 /* TowListingCell.swift */,
				CDFBB13825B39E6D0015D553 /* CanceledTowListingCell.swift */,
				CD2F1F9E25B4734C006AE1E8 /* PurchasesCell.swift */,
				CD2F1FA425B489A1006AE1E8 /* NotificationCell.swift */,
				CD2F1FA725B4918D006AE1E8 /* AssignOrdersToTowCell.swift */,
				CDA5539D25B5944100AAEAD7 /* SearchTowCell.swift */,
				CD55100F25B6D048006D1C14 /* PreviousOrdersCell.swift */,
				CD51219025B7BA32004DBFCE /* AssignedTowCell.swift */,
				CD2D5F9325BA2C440011C5D3 /* AllMyTowsCell.swift */,
				CD2D5F9925BA5FF70011C5D3 /* ProfileCell.swift */,
				CDBC80C425BC668000A2E37F /* CampaignsCell.swift */,
				CDBC80CF25BDB15F00A2E37F /* OrderCell.swift */,
				CDBC80D425BDC4F000A2E37F /* MyAddressedCell.swift */,
				CD42448A25C00472000E8799 /* AnnouncementsCell.swift */,
			);
			path = "TableView Cells";
			sourceTree = "<group>";
		};
		CD905A1F25B08283004827A1 /* Extensions */ = {
			isa = PBXGroup;
			children = (
				CDA5D43125B08802002C5060 /* Date+Ext.swift */,
				CDA5D43525B08803002C5060 /* String+Ext.swift */,
				CDA5D43225B08802002C5060 /* TextField+Ext.swift */,
				CDA5D42E25B08802002C5060 /* UIButton+Ext.swift */,
				CDA5D43625B08803002C5060 /* UICollectionView+Ext.swift */,
				CDA5D43025B08802002C5060 /* UIColor+Ext.swift */,
				CDA5D42F25B08802002C5060 /* UITableView+Ext.swift */,
				CDA5D43325B08802002C5060 /* UIView+Ext.swift */,
				CDA5D43425B08802002C5060 /* UIViewController+Ext.swift */,
			);
			path = Extensions;
			sourceTree = "<group>";
		};
		CDA5D42725B0863C002C5060 /* Model */ = {
			isa = PBXGroup;
			children = (
			);
			path = Model;
			sourceTree = "<group>";
		};
		CDA5D42A25B08654002C5060 /* Controller */ = {
			isa = PBXGroup;
			children = (
				CDA5D44125B08B0E002C5060 /* Login */,
				CDA5D44325B08B70002C5060 /* TowCar */,
				CDA5D44225B08B29002C5060 /* User */,
			);
			path = Controller;
			sourceTree = "<group>";
		};
		CDA5D42B25B0865B002C5060 /* Provider */ = {
			isa = PBXGroup;
			children = (
			);
			path = Provider;
			sourceTree = "<group>";
		};
		CDA5D44125B08B0E002C5060 /* Login */ = {
			isa = PBXGroup;
			children = (
				CDA5D45925B0B6E3002C5060 /* SignUpVC.swift */,
				CDA5D44725B08DF0002C5060 /* LoginVC.swift */,
				CDEFFDB125B16DAB0045C3D7 /* ForgotPasswordVC.swift */,
			);
			path = Login;
			sourceTree = "<group>";
		};
		CDA5D44225B08B29002C5060 /* User */ = {
			isa = PBXGroup;
			children = (
				CD5121B925B814CB004DBFCE /* UserProfileVC.swift */,
				CD38F4F225B0710600D5B1A2 /* EditProfileVC.swift */,
				CD55100C25B6CE34006D1C14 /* PreviousOrdersVC.swift */,
				CD51217325B6F894004DBFCE /* FilteringVC.swift */,
				CD51218A25B7A9DA004DBFCE /* MyAddressesVC.swift */,
				CD42448325BF67B5000E8799 /* CreatingOrderSearchVC.swift */,
				CDBC80D725BDCC1D00A2E37F /* ChooseFromMapVC.swift */,
				CD51219625B7C0E3004DBFCE /* SetLocationDestinationVC.swift */,
				CDBC80DD25BDDBEC00A2E37F /* PreviousOrderDetailVC.swift */,
				CDDC298A25BE1560006C8FF1 /* MainPageVC.swift */,
				CD42447B25BF6555000E8799 /* TowProfileVC.swift */,
			);
			path = User;
			sourceTree = "<group>";
		};
		CDA5D44325B08B70002C5060 /* TowCar */ = {
			isa = PBXGroup;
			children = (
				CD8F88DE25BA1269008CBED4 /* Menu */,
				CD55101325B6DCE4006D1C14 /* Tabbar */,
				CDEC1BD125B2BF45000EEF88 /* CreatingOrderVC.swift */,
				CDA5539725B57AFD00AAEAD7 /* AddTowVC.swift */,
				CD2D5F9E25BA8B270011C5D3 /* AssignedDetailVC.swift */,
				CDF5403225BAE52C00C8E440 /* CampaignsVC.swift */,
				CDF5403525BAE78000C8E440 /* DetailPageVC.swift */,
				CDF5403F25BAEFFF00C8E440 /* BrandsVC.swift */,
				CDA5330125BEA9160039C29A /* AddMultiplePhotoVC.swift */,
			);
			path = TowCar;
			sourceTree = "<group>";
		};
		CDA5D44525B08CDE002C5060 /* Fonts */ = {
			isa = PBXGroup;
			children = (
				CDC0721925B82FAD008EC414 /* GOTHIC.TTF */,
				CD5121A825B7DACE004DBFCE /* CenturyGothicRegular.ttf */,
				CD5121AC25B7DB7A004DBFCE /* CenturyGothicBold.ttf */,
			);
			path = Fonts;
			sourceTree = "<group>";
		};
		CDD635EB25C039D30057F44D /* Home */ = {
			isa = PBXGroup;
			children = (
				CDEFFDB625B176C60045C3D7 /* HomePageVC.swift */,
				CD2F1F9125B425F1006AE1E8 /* MyTowsVC.swift */,
				CDFBB13B25B4177B0015D553 /* CanceledOrderListVC.swift */,
				CDEFFDBF25B1972E0045C3D7 /* IncomingOrderVC.swift */,
				CD51218D25B7B842004DBFCE /* AssignedTowsVC.swift */,
				CDD635F225C040BA0057F44D /* AssignOrderPopupVC.xib */,
				CDD635F325C040BA0057F44D /* AssignOrderPopupVC.swift */,
			);
			path = Home;
			sourceTree = "<group>";
		};
		CDEFFDB925B17DA00045C3D7 /* CollectionView Cells */ = {
			isa = PBXGroup;
			children = (
				CDEFFDBA25B17E1D0045C3D7 /* TowCarMenuCell.swift */,
				CD5121BC25B8154A004DBFCE /* UserProfileCell.swift */,
				CDF5403825BAEF7200C8E440 /* BrandsCell.swift */,
				CDA5330425BEC9400039C29A /* CategoriesCell.swift */,
			);
			path = "CollectionView Cells";
			sourceTree = "<group>";
		};
/* End PBXGroup section */

/* Begin PBXNativeTarget section */
		CD38F4EA25B0710600D5B1A2 /* iCekici */ = {
			isa = PBXNativeTarget;
			buildConfigurationList = CD38F4FF25B0710A00D5B1A2 /* Build configuration list for PBXNativeTarget "iCekici" */;
			buildPhases = (
				593CB8C5162E92439BD2B4DF /* [CP] Check Pods Manifest.lock */,
				CD38F4E725B0710600D5B1A2 /* Sources */,
				CD38F4E825B0710600D5B1A2 /* Frameworks */,
				CD38F4E925B0710600D5B1A2 /* Resources */,
				A9075A94A0F8ECC81BDFB0D7 /* [CP] Embed Pods Frameworks */,
			);
			buildRules = (
			);
			dependencies = (
			);
			name = iCekici;
			productName = iCekici;
			productReference = CD38F4EB25B0710600D5B1A2 /* iCekici.app */;
			productType = "com.apple.product-type.application";
		};
/* End PBXNativeTarget section */

/* Begin PBXProject section */
		CD38F4E325B0710600D5B1A2 /* Project object */ = {
			isa = PBXProject;
			attributes = {
				LastSwiftUpdateCheck = 1220;
				LastUpgradeCheck = 1220;
				TargetAttributes = {
					CD38F4EA25B0710600D5B1A2 = {
						CreatedOnToolsVersion = 12.2;
					};
				};
			};
			buildConfigurationList = CD38F4E625B0710600D5B1A2 /* Build configuration list for PBXProject "iCekici" */;
			compatibilityVersion = "Xcode 9.3";
			developmentRegion = en;
			hasScannedForEncodings = 0;
			knownRegions = (
				en,
				Base,
			);
			mainGroup = CD38F4E225B0710600D5B1A2;
			productRefGroup = CD38F4EC25B0710600D5B1A2 /* Products */;
			projectDirPath = "";
			projectRoot = "";
			targets = (
				CD38F4EA25B0710600D5B1A2 /* iCekici */,
			);
		};
/* End PBXProject section */

/* Begin PBXResourcesBuildPhase section */
		CD38F4E925B0710600D5B1A2 /* Resources */ = {
			isa = PBXResourcesBuildPhase;
			buildActionMask = 2147483647;
			files = (
				CDC0721A25B82FAE008EC414 /* GOTHIC.TTF in Resources */,
				CD38F4FB25B0710A00D5B1A2 /* LaunchScreen.storyboard in Resources */,
				CDD635F425C040BA0057F44D /* AssignOrderPopupVC.xib in Resources */,
				CD5121A925B7DACE004DBFCE /* CenturyGothicRegular.ttf in Resources */,
				CD5121AD25B7DB7A004DBFCE /* CenturyGothicBold.ttf in Resources */,
				CD38F4F825B0710A00D5B1A2 /* Assets.xcassets in Resources */,
				CD38F4F625B0710600D5B1A2 /* Main.storyboard in Resources */,
			);
			runOnlyForDeploymentPostprocessing = 0;
		};
/* End PBXResourcesBuildPhase section */

/* Begin PBXShellScriptBuildPhase section */
		593CB8C5162E92439BD2B4DF /* [CP] Check Pods Manifest.lock */ = {
			isa = PBXShellScriptBuildPhase;
			buildActionMask = 2147483647;
			files = (
			);
			inputFileListPaths = (
			);
			inputPaths = (
				"${PODS_PODFILE_DIR_PATH}/Podfile.lock",
				"${PODS_ROOT}/Manifest.lock",
			);
			name = "[CP] Check Pods Manifest.lock";
			outputFileListPaths = (
			);
			outputPaths = (
				"$(DERIVED_FILE_DIR)/Pods-iCekici-checkManifestLockResult.txt",
			);
			runOnlyForDeploymentPostprocessing = 0;
			shellPath = /bin/sh;
			shellScript = "diff \"${PODS_PODFILE_DIR_PATH}/Podfile.lock\" \"${PODS_ROOT}/Manifest.lock\" > /dev/null\nif [ $? != 0 ] ; then\n    # print error to STDERR\n    echo \"error: The sandbox is not in sync with the Podfile.lock. Run 'pod install' or update your CocoaPods installation.\" >&2\n    exit 1\nfi\n# This output is used by Xcode 'outputs' to avoid re-running this script phase.\necho \"SUCCESS\" > \"${SCRIPT_OUTPUT_FILE_0}\"\n";
			showEnvVarsInLog = 0;
		};
		A9075A94A0F8ECC81BDFB0D7 /* [CP] Embed Pods Frameworks */ = {
			isa = PBXShellScriptBuildPhase;
			buildActionMask = 2147483647;
			files = (
			);
			inputFileListPaths = (
				"${PODS_ROOT}/Target Support Files/Pods-iCekici/Pods-iCekici-frameworks-${CONFIGURATION}-input-files.xcfilelist",
			);
			name = "[CP] Embed Pods Frameworks";
			outputFileListPaths = (
				"${PODS_ROOT}/Target Support Files/Pods-iCekici/Pods-iCekici-frameworks-${CONFIGURATION}-output-files.xcfilelist",
			);
			runOnlyForDeploymentPostprocessing = 0;
			shellPath = /bin/sh;
			shellScript = "\"${PODS_ROOT}/Target Support Files/Pods-iCekici/Pods-iCekici-frameworks.sh\"\n";
			showEnvVarsInLog = 0;
		};
/* End PBXShellScriptBuildPhase section */

/* Begin PBXSourcesBuildPhase section */
		CD38F4E725B0710600D5B1A2 /* Sources */ = {
			isa = PBXSourcesBuildPhase;
			buildActionMask = 2147483647;
			files = (
				CD2F1F9225B425F1006AE1E8 /* MyTowsVC.swift in Sources */,
				CDA5D43925B08803002C5060 /* UIColor+Ext.swift in Sources */,
				CDBC80D025BDB15F00A2E37F /* OrderCell.swift in Sources */,
				CDD635F525C040BA0057F44D /* AssignOrderPopupVC.swift in Sources */,
				CD55101025B6D048006D1C14 /* PreviousOrdersCell.swift in Sources */,
				CDBC80D525BDC4F000A2E37F /* MyAddressedCell.swift in Sources */,
				CDEFFDC025B1972E0045C3D7 /* IncomingOrderVC.swift in Sources */,
				CDBC80C525BC668000A2E37F /* CampaignsCell.swift in Sources */,
				CDF5403925BAEF7200C8E440 /* BrandsCell.swift in Sources */,
				CDA5D43725B08803002C5060 /* UIButton+Ext.swift in Sources */,
				CDA5D44825B08DF0002C5060 /* LoginVC.swift in Sources */,
				CD2F1F9825B4542B006AE1E8 /* MyWalletStatisticsVC.swift in Sources */,
				CDF5403625BAE78000C8E440 /* DetailPageVC.swift in Sources */,
				CDA5D43C25B08803002C5060 /* UIView+Ext.swift in Sources */,
				CDEFFDB725B176C60045C3D7 /* HomePageVC.swift in Sources */,
				CD51219125B7BA32004DBFCE /* AssignedTowCell.swift in Sources */,
				CD799A1C25B55CFD008F1871 /* MyProfileEditVC.swift in Sources */,
				CD2F1FA225B48969006AE1E8 /* NotificationVC.swift in Sources */,
				CD42447C25BF6555000E8799 /* TowProfileVC.swift in Sources */,
				CDA5330225BEA9160039C29A /* AddMultiplePhotoVC.swift in Sources */,
				CDA5539E25B5944100AAEAD7 /* SearchTowCell.swift in Sources */,
				CD42448E25C00E69000E8799 /* AnnouncementDetailVC.swift in Sources */,
				CDFBB13925B39E6D0015D553 /* CanceledTowListingCell.swift in Sources */,
				CD51217425B6F894004DBFCE /* FilteringVC.swift in Sources */,
				CDA5539825B57AFD00AAEAD7 /* AddTowVC.swift in Sources */,
				CDA5D43D25B08803002C5060 /* UIViewController+Ext.swift in Sources */,
				CDEFFDC325B198670045C3D7 /* TowListingCell.swift in Sources */,
				CD2F1FA525B489A1006AE1E8 /* NotificationCell.swift in Sources */,
				CDEFFDBB25B17E1D0045C3D7 /* TowCarMenuCell.swift in Sources */,
				CDF5404325BAF6B200C8E440 /* InviteFriendsVC.swift in Sources */,
				CDBC80C225BC662C00A2E37F /* CampaignListingVC.swift in Sources */,
				CDBC80D825BDCC1E00A2E37F /* ChooseFromMapVC.swift in Sources */,
				CD51218B25B7A9DB004DBFCE /* MyAddressesVC.swift in Sources */,
				CD2F1FA825B4918D006AE1E8 /* AssignOrdersToTowCell.swift in Sources */,
				CD5121BA25B814CB004DBFCE /* UserProfileVC.swift in Sources */,
				CD4A25AF25B960B500657D89 /* PageViewController.swift in Sources */,
				CD38F4F325B0710600D5B1A2 /* EditProfileVC.swift in Sources */,
				CDFBB13C25B4177B0015D553 /* CanceledOrderListVC.swift in Sources */,
				CDA5330525BEC9400039C29A /* CategoriesCell.swift in Sources */,
				CD2D5F9F25BA8B270011C5D3 /* AssignedDetailVC.swift in Sources */,
				CDA5D43A25B08803002C5060 /* Date+Ext.swift in Sources */,
				CD42448725C00386000E8799 /* AnnouncementsVC.swift in Sources */,
				CD2D5FAA25BAB1450011C5D3 /* AboutPageViewController.swift in Sources */,
				CD42448B25C00472000E8799 /* AnnouncementsCell.swift in Sources */,
				CDA5D43E25B08803002C5060 /* String+Ext.swift in Sources */,
				CD38F4EF25B0710600D5B1A2 /* AppDelegate.swift in Sources */,
				CDA5539B25B592CE00AAEAD7 /* SearchTowVC.swift in Sources */,
				CDEC1BD225B2BF45000EEF88 /* CreatingOrderVC.swift in Sources */,
				CDA5D43825B08803002C5060 /* UITableView+Ext.swift in Sources */,
				CD2D5F9A25BA5FF70011C5D3 /* ProfileCell.swift in Sources */,
				CDDC298B25BE1561006C8FF1 /* MainPageVC.swift in Sources */,
				CD2D5F9725BA5F120011C5D3 /* ProfileViewController.swift in Sources */,
				CD51218E25B7B842004DBFCE /* AssignedTowsVC.swift in Sources */,
				CDA5D43B25B08803002C5060 /* TextField+Ext.swift in Sources */,
				CD905A1825B07434004827A1 /* ProfileDetailCell.swift in Sources */,
				CDA5D43F25B08803002C5060 /* UICollectionView+Ext.swift in Sources */,
				CDF5404025BAEFFF00C8E440 /* BrandsVC.swift in Sources */,
				CD51219725B7C0E3004DBFCE /* SetLocationDestinationVC.swift in Sources */,
				CDBC80DE25BDDBED00A2E37F /* PreviousOrderDetailVC.swift in Sources */,
				CDF5403325BAE52D00C8E440 /* CampaignsVC.swift in Sources */,
				CD2D5F9425BA2C440011C5D3 /* AllMyTowsCell.swift in Sources */,
				CD2F1F9F25B4734C006AE1E8 /* PurchasesCell.swift in Sources */,
				CDA5D45A25B0B6E3002C5060 /* SignUpVC.swift in Sources */,
				CD55100D25B6CE34006D1C14 /* PreviousOrdersVC.swift in Sources */,
				CDEFFDB225B16DAB0045C3D7 /* ForgotPasswordVC.swift in Sources */,
				CD38F4F125B0710600D5B1A2 /* SceneDelegate.swift in Sources */,
				CD42448425BF67B5000E8799 /* CreatingOrderSearchVC.swift in Sources */,
				CD799A1F25B55E7C008F1871 /* MenuVC.swift in Sources */,
				CD5121BD25B8154A004DBFCE /* UserProfileCell.swift in Sources */,
			);
			runOnlyForDeploymentPostprocessing = 0;
		};
/* End PBXSourcesBuildPhase section */

/* Begin PBXVariantGroup section */
		CD38F4F425B0710600D5B1A2 /* Main.storyboard */ = {
			isa = PBXVariantGroup;
			children = (
				CD38F4F525B0710600D5B1A2 /* Base */,
			);
			name = Main.storyboard;
			sourceTree = "<group>";
		};
		CD38F4F925B0710A00D5B1A2 /* LaunchScreen.storyboard */ = {
			isa = PBXVariantGroup;
			children = (
				CD38F4FA25B0710A00D5B1A2 /* Base */,
			);
			name = LaunchScreen.storyboard;
			sourceTree = "<group>";
		};
/* End PBXVariantGroup section */

/* Begin XCBuildConfiguration section */
		CD38F4FD25B0710A00D5B1A2 /* Debug */ = {
			isa = XCBuildConfiguration;
			buildSettings = {
				ALWAYS_SEARCH_USER_PATHS = NO;
				CLANG_ANALYZER_NONNULL = YES;
				CLANG_ANALYZER_NUMBER_OBJECT_CONVERSION = YES_AGGRESSIVE;
				CLANG_CXX_LANGUAGE_STANDARD = "gnu++14";
				CLANG_CXX_LIBRARY = "libc++";
				CLANG_ENABLE_MODULES = YES;
				CLANG_ENABLE_OBJC_ARC = YES;
				CLANG_ENABLE_OBJC_WEAK = YES;
				CLANG_WARN_BLOCK_CAPTURE_AUTORELEASING = YES;
				CLANG_WARN_BOOL_CONVERSION = YES;
				CLANG_WARN_COMMA = YES;
				CLANG_WARN_CONSTANT_CONVERSION = YES;
				CLANG_WARN_DEPRECATED_OBJC_IMPLEMENTATIONS = YES;
				CLANG_WARN_DIRECT_OBJC_ISA_USAGE = YES_ERROR;
				CLANG_WARN_DOCUMENTATION_COMMENTS = YES;
				CLANG_WARN_EMPTY_BODY = YES;
				CLANG_WARN_ENUM_CONVERSION = YES;
				CLANG_WARN_INFINITE_RECURSION = YES;
				CLANG_WARN_INT_CONVERSION = YES;
				CLANG_WARN_NON_LITERAL_NULL_CONVERSION = YES;
				CLANG_WARN_OBJC_IMPLICIT_RETAIN_SELF = YES;
				CLANG_WARN_OBJC_LITERAL_CONVERSION = YES;
				CLANG_WARN_OBJC_ROOT_CLASS = YES_ERROR;
				CLANG_WARN_QUOTED_INCLUDE_IN_FRAMEWORK_HEADER = YES;
				CLANG_WARN_RANGE_LOOP_ANALYSIS = YES;
				CLANG_WARN_STRICT_PROTOTYPES = YES;
				CLANG_WARN_SUSPICIOUS_MOVE = YES;
				CLANG_WARN_UNGUARDED_AVAILABILITY = YES_AGGRESSIVE;
				CLANG_WARN_UNREACHABLE_CODE = YES;
				CLANG_WARN__DUPLICATE_METHOD_MATCH = YES;
				COPY_PHASE_STRIP = NO;
				DEBUG_INFORMATION_FORMAT = dwarf;
				ENABLE_STRICT_OBJC_MSGSEND = YES;
				ENABLE_TESTABILITY = YES;
				GCC_C_LANGUAGE_STANDARD = gnu11;
				GCC_DYNAMIC_NO_PIC = NO;
				GCC_NO_COMMON_BLOCKS = YES;
				GCC_OPTIMIZATION_LEVEL = 0;
				GCC_PREPROCESSOR_DEFINITIONS = (
					"DEBUG=1",
					"$(inherited)",
				);
				GCC_WARN_64_TO_32_BIT_CONVERSION = YES;
				GCC_WARN_ABOUT_RETURN_TYPE = YES_ERROR;
				GCC_WARN_UNDECLARED_SELECTOR = YES;
				GCC_WARN_UNINITIALIZED_AUTOS = YES_AGGRESSIVE;
				GCC_WARN_UNUSED_FUNCTION = YES;
				GCC_WARN_UNUSED_VARIABLE = YES;
				IPHONEOS_DEPLOYMENT_TARGET = 14.2;
				MTL_ENABLE_DEBUG_INFO = INCLUDE_SOURCE;
				MTL_FAST_MATH = YES;
				ONLY_ACTIVE_ARCH = YES;
				SDKROOT = iphoneos;
				SWIFT_ACTIVE_COMPILATION_CONDITIONS = DEBUG;
				SWIFT_OPTIMIZATION_LEVEL = "-Onone";
			};
			name = Debug;
		};
		CD38F4FE25B0710A00D5B1A2 /* Release */ = {
			isa = XCBuildConfiguration;
			buildSettings = {
				ALWAYS_SEARCH_USER_PATHS = NO;
				CLANG_ANALYZER_NONNULL = YES;
				CLANG_ANALYZER_NUMBER_OBJECT_CONVERSION = YES_AGGRESSIVE;
				CLANG_CXX_LANGUAGE_STANDARD = "gnu++14";
				CLANG_CXX_LIBRARY = "libc++";
				CLANG_ENABLE_MODULES = YES;
				CLANG_ENABLE_OBJC_ARC = YES;
				CLANG_ENABLE_OBJC_WEAK = YES;
				CLANG_WARN_BLOCK_CAPTURE_AUTORELEASING = YES;
				CLANG_WARN_BOOL_CONVERSION = YES;
				CLANG_WARN_COMMA = YES;
				CLANG_WARN_CONSTANT_CONVERSION = YES;
				CLANG_WARN_DEPRECATED_OBJC_IMPLEMENTATIONS = YES;
				CLANG_WARN_DIRECT_OBJC_ISA_USAGE = YES_ERROR;
				CLANG_WARN_DOCUMENTATION_COMMENTS = YES;
				CLANG_WARN_EMPTY_BODY = YES;
				CLANG_WARN_ENUM_CONVERSION = YES;
				CLANG_WARN_INFINITE_RECURSION = YES;
				CLANG_WARN_INT_CONVERSION = YES;
				CLANG_WARN_NON_LITERAL_NULL_CONVERSION = YES;
				CLANG_WARN_OBJC_IMPLICIT_RETAIN_SELF = YES;
				CLANG_WARN_OBJC_LITERAL_CONVERSION = YES;
				CLANG_WARN_OBJC_ROOT_CLASS = YES_ERROR;
				CLANG_WARN_QUOTED_INCLUDE_IN_FRAMEWORK_HEADER = YES;
				CLANG_WARN_RANGE_LOOP_ANALYSIS = YES;
				CLANG_WARN_STRICT_PROTOTYPES = YES;
				CLANG_WARN_SUSPICIOUS_MOVE = YES;
				CLANG_WARN_UNGUARDED_AVAILABILITY = YES_AGGRESSIVE;
				CLANG_WARN_UNREACHABLE_CODE = YES;
				CLANG_WARN__DUPLICATE_METHOD_MATCH = YES;
				COPY_PHASE_STRIP = NO;
				DEBUG_INFORMATION_FORMAT = "dwarf-with-dsym";
				ENABLE_NS_ASSERTIONS = NO;
				ENABLE_STRICT_OBJC_MSGSEND = YES;
				GCC_C_LANGUAGE_STANDARD = gnu11;
				GCC_NO_COMMON_BLOCKS = YES;
				GCC_WARN_64_TO_32_BIT_CONVERSION = YES;
				GCC_WARN_ABOUT_RETURN_TYPE = YES_ERROR;
				GCC_WARN_UNDECLARED_SELECTOR = YES;
				GCC_WARN_UNINITIALIZED_AUTOS = YES_AGGRESSIVE;
				GCC_WARN_UNUSED_FUNCTION = YES;
				GCC_WARN_UNUSED_VARIABLE = YES;
				IPHONEOS_DEPLOYMENT_TARGET = 14.2;
				MTL_ENABLE_DEBUG_INFO = NO;
				MTL_FAST_MATH = YES;
				SDKROOT = iphoneos;
				SWIFT_COMPILATION_MODE = wholemodule;
				SWIFT_OPTIMIZATION_LEVEL = "-O";
				VALIDATE_PRODUCT = YES;
			};
			name = Release;
		};
		CD38F50025B0710A00D5B1A2 /* Debug */ = {
			isa = XCBuildConfiguration;
			baseConfigurationReference = E0AE1E6FF195937137C4C3AD /* Pods-iCekici.debug.xcconfig */;
			buildSettings = {
				ASSETCATALOG_COMPILER_APPICON_NAME = AppIcon;
				ASSETCATALOG_COMPILER_GLOBAL_ACCENT_COLOR_NAME = AccentColor;
				CODE_SIGN_STYLE = Automatic;
				DEVELOPMENT_TEAM = 6X34548D4L;
				INFOPLIST_FILE = iCekici/Info.plist;
				LD_RUNPATH_SEARCH_PATHS = (
					"$(inherited)",
					"@executable_path/Frameworks",
				);
				PRODUCT_BUNDLE_IDENTIFIER = wookweb.iCekici;
				PRODUCT_NAME = "$(TARGET_NAME)";
				SWIFT_VERSION = 5.0;
				TARGETED_DEVICE_FAMILY = "1,2";
			};
			name = Debug;
		};
		CD38F50125B0710A00D5B1A2 /* Release */ = {
			isa = XCBuildConfiguration;
			baseConfigurationReference = CB9C95B64E501A7739872B95 /* Pods-iCekici.release.xcconfig */;
			buildSettings = {
				ASSETCATALOG_COMPILER_APPICON_NAME = AppIcon;
				ASSETCATALOG_COMPILER_GLOBAL_ACCENT_COLOR_NAME = AccentColor;
				CODE_SIGN_STYLE = Automatic;
				DEVELOPMENT_TEAM = 6X34548D4L;
				INFOPLIST_FILE = iCekici/Info.plist;
				LD_RUNPATH_SEARCH_PATHS = (
					"$(inherited)",
					"@executable_path/Frameworks",
				);
				PRODUCT_BUNDLE_IDENTIFIER = wookweb.iCekici;
				PRODUCT_NAME = "$(TARGET_NAME)";
				SWIFT_VERSION = 5.0;
				TARGETED_DEVICE_FAMILY = "1,2";
			};
			name = Release;
		};
/* End XCBuildConfiguration section */

/* Begin XCConfigurationList section */
		CD38F4E625B0710600D5B1A2 /* Build configuration list for PBXProject "iCekici" */ = {
			isa = XCConfigurationList;
			buildConfigurations = (
				CD38F4FD25B0710A00D5B1A2 /* Debug */,
				CD38F4FE25B0710A00D5B1A2 /* Release */,
			);
			defaultConfigurationIsVisible = 0;
			defaultConfigurationName = Release;
		};
		CD38F4FF25B0710A00D5B1A2 /* Build configuration list for PBXNativeTarget "iCekici" */ = {
			isa = XCConfigurationList;
			buildConfigurations = (
				CD38F50025B0710A00D5B1A2 /* Debug */,
				CD38F50125B0710A00D5B1A2 /* Release */,
			);
			defaultConfigurationIsVisible = 0;
			defaultConfigurationName = Release;
		};
/* End XCConfigurationList section */
	};
	rootObject = CD38F4E325B0710600D5B1A2 /* Project object */;
}
